
Microsoft Visual Studio Solution File, Format Version 12.00
# Visual Studio Version 17
VisualStudioVersion = 17.1.32421.90
MinimumVisualStudioVersion = 10.0.40219.1
Project("{FAE04EC0-301F-11D3-BF4B-00C04F79EFBC}") = "RodizioSmartRestuarant", "RodizioSmartRestuarant\RodizioSmartRestuarant.csproj", "{35359002-D484-4505-AC49-1569DBEB37EA}"
EndProject
Project("{FAE04EC0-301F-11D3-BF4B-00C04F79EFBC}") = "TestProject1", "TestProject1\TestProject1.csproj", "{51FE080D-501E-4B5C-81E0-A382BB3FBD14}"
EndProject
Global
	GlobalSection(SolutionConfigurationPlatforms) = preSolution
		Debug|Any CPU = Debug|Any CPU
		Release|Any CPU = Release|Any CPU
	EndGlobalSection
	GlobalSection(ProjectConfigurationPlatforms) = postSolution
		{35359002-D484-4505-AC49-1569DBEB37EA}.Debug|Any CPU.ActiveCfg = Debug|Any CPU
		{35359002-D484-4505-AC49-1569DBEB37EA}.Debug|Any CPU.Build.0 = Debug|Any CPU
		{35359002-D484-4505-AC49-1569DBEB37EA}.Release|Any CPU.ActiveCfg = Release|Any CPU
		{35359002-D484-4505-AC49-1569DBEB37EA}.Release|Any CPU.Build.0 = Release|Any CPU
		{51FE080D-501E-4B5C-81E0-A382BB3FBD14}.Debug|Any CPU.ActiveCfg = Debug|Any CPU
		{51FE080D-501E-4B5C-81E0-A382BB3FBD14}.Debug|Any CPU.Build.0 = Debug|Any CPU
		{51FE080D-501E-4B5C-81E0-A382BB3FBD14}.Release|Any CPU.ActiveCfg = Release|Any CPU
		{51FE080D-501E-4B5C-81E0-A382BB3FBD14}.Release|Any CPU.Build.0 = Release|Any CPU
	EndGlobalSection
	GlobalSection(SolutionProperties) = preSolution
		HideSolutionNode = FALSE
	EndGlobalSection
	GlobalSection(ExtensibilityGlobals) = postSolution
		SolutionGuid = {E8E57C7D-689A-466B-9C17-797B17601325}
	EndGlobalSection
EndGlobal
